
Microsoft Visual Studio Solution File, Format Version 12.00
# Visual Studio 15
VisualStudioVersion = 15.0.28307.1145
MinimumVisualStudioVersion = 10.0.40219.1
Project("{FAE04EC0-301F-11D3-BF4B-00C04F79EFBC}") = "AccessoADatos", "AccessoADatos\AccessoADatos.csproj", "{617CE6A0-759A-4413-9FC3-0E8C8AA83A4A}"
EndProject
Project("{FAE04EC0-301F-11D3-BF4B-00C04F79EFBC}") = "Servicios", "ClassLibrary2\Servicios.csproj", "{5C4F55FF-5415-410A-89FD-AF449E687DD0}"
EndProject
Project("{FAE04EC0-301F-11D3-BF4B-00C04F79EFBC}") = "Clases", "Clases\Clases.csproj", "{36B4A1CB-1821-4E0B-A299-54A6CF86B5B2}"
EndProject
Project("{FAE04EC0-301F-11D3-BF4B-00C04F79EFBC}") = "ControlTemperaturaWebApi", "ControlTemperaturaWebApi\ControlTemperaturaWebApi.csproj", "{F6246058-BB03-4CAB-8787-6D6852861338}"
EndProject
Project("{FAE04EC0-301F-11D3-BF4B-00C04F79EFBC}") = "ControlTemperaturaSitioWeb", "ControTemperaturaSitioWeb\ControlTemperaturaSitioWeb.csproj", "{C0B44776-AF42-4023-9A0F-26827CA95236}"
EndProject
Global
	GlobalSection(SolutionConfigurationPlatforms) = preSolution
		Debug|Any CPU = Debug|Any CPU
		Debug|ARM = Debug|ARM
		Debug|ARM64 = Debug|ARM64
		Debug|x64 = Debug|x64
		Debug|x86 = Debug|x86
		Release|Any CPU = Release|Any CPU
		Release|ARM = Release|ARM
		Release|ARM64 = Release|ARM64
		Release|x64 = Release|x64
		Release|x86 = Release|x86
	EndGlobalSection
	GlobalSection(ProjectConfigurationPlatforms) = postSolution
		{617CE6A0-759A-4413-9FC3-0E8C8AA83A4A}.Debug|Any CPU.ActiveCfg = Debug|Any CPU
		{617CE6A0-759A-4413-9FC3-0E8C8AA83A4A}.Debug|Any CPU.Build.0 = Debug|Any CPU
		{617CE6A0-759A-4413-9FC3-0E8C8AA83A4A}.Debug|ARM.ActiveCfg = Debug|Any CPU
		{617CE6A0-759A-4413-9FC3-0E8C8AA83A4A}.Debug|ARM.Build.0 = Debug|Any CPU
		{617CE6A0-759A-4413-9FC3-0E8C8AA83A4A}.Debug|ARM64.ActiveCfg = Debug|Any CPU
		{617CE6A0-759A-4413-9FC3-0E8C8AA83A4A}.Debug|ARM64.Build.0 = Debug|Any CPU
		{617CE6A0-759A-4413-9FC3-0E8C8AA83A4A}.Debug|x64.ActiveCfg = Debug|Any CPU
		{617CE6A0-759A-4413-9FC3-0E8C8AA83A4A}.Debug|x64.Build.0 = Debug|Any CPU
		{617CE6A0-759A-4413-9FC3-0E8C8AA83A4A}.Debug|x86.ActiveCfg = Debug|Any CPU
		{617CE6A0-759A-4413-9FC3-0E8C8AA83A4A}.Debug|x86.Build.0 = Debug|Any CPU
		{617CE6A0-759A-4413-9FC3-0E8C8AA83A4A}.Release|Any CPU.ActiveCfg = Release|Any CPU
		{617CE6A0-759A-4413-9FC3-0E8C8AA83A4A}.Release|Any CPU.Build.0 = Release|Any CPU
		{617CE6A0-759A-4413-9FC3-0E8C8AA83A4A}.Release|ARM.ActiveCfg = Release|Any CPU
		{617CE6A0-759A-4413-9FC3-0E8C8AA83A4A}.Release|ARM.Build.0 = Release|Any CPU
		{617CE6A0-759A-4413-9FC3-0E8C8AA83A4A}.Release|ARM64.ActiveCfg = Release|Any CPU
		{617CE6A0-759A-4413-9FC3-0E8C8AA83A4A}.Release|ARM64.Build.0 = Release|Any CPU
		{617CE6A0-759A-4413-9FC3-0E8C8AA83A4A}.Release|x64.ActiveCfg = Release|Any CPU
		{617CE6A0-759A-4413-9FC3-0E8C8AA83A4A}.Release|x64.Build.0 = Release|Any CPU
		{617CE6A0-759A-4413-9FC3-0E8C8AA83A4A}.Release|x86.ActiveCfg = Release|Any CPU
		{617CE6A0-759A-4413-9FC3-0E8C8AA83A4A}.Release|x86.Build.0 = Release|Any CPU
		{5C4F55FF-5415-410A-89FD-AF449E687DD0}.Debug|Any CPU.ActiveCfg = Debug|Any CPU
		{5C4F55FF-5415-410A-89FD-AF449E687DD0}.Debug|Any CPU.Build.0 = Debug|Any CPU
		{5C4F55FF-5415-410A-89FD-AF449E687DD0}.Debug|ARM.ActiveCfg = Debug|Any CPU
		{5C4F55FF-5415-410A-89FD-AF449E687DD0}.Debug|ARM.Build.0 = Debug|Any CPU
		{5C4F55FF-5415-410A-89FD-AF449E687DD0}.Debug|ARM64.ActiveCfg = Debug|Any CPU
		{5C4F55FF-5415-410A-89FD-AF449E687DD0}.Debug|ARM64.Build.0 = Debug|Any CPU
		{5C4F55FF-5415-410A-89FD-AF449E687DD0}.Debug|x64.ActiveCfg = Debug|Any CPU
		{5C4F55FF-5415-410A-89FD-AF449E687DD0}.Debug|x64.Build.0 = Debug|Any CPU
		{5C4F55FF-5415-410A-89FD-AF449E687DD0}.Debug|x86.ActiveCfg = Debug|Any CPU
		{5C4F55FF-5415-410A-89FD-AF449E687DD0}.Debug|x86.Build.0 = Debug|Any CPU
		{5C4F55FF-5415-410A-89FD-AF449E687DD0}.Release|Any CPU.ActiveCfg = Release|Any CPU
		{5C4F55FF-5415-410A-89FD-AF449E687DD0}.Release|Any CPU.Build.0 = Release|Any CPU
		{5C4F55FF-5415-410A-89FD-AF449E687DD0}.Release|ARM.ActiveCfg = Release|Any CPU
		{5C4F55FF-5415-410A-89FD-AF449E687DD0}.Release|ARM.Build.0 = Release|Any CPU
		{5C4F55FF-5415-410A-89FD-AF449E687DD0}.Release|ARM64.ActiveCfg = Release|Any CPU
		{5C4F55FF-5415-410A-89FD-AF449E687DD0}.Release|ARM64.Build.0 = Release|Any CPU
		{5C4F55FF-5415-410A-89FD-AF449E687DD0}.Release|x64.ActiveCfg = Release|Any CPU
		{5C4F55FF-5415-410A-89FD-AF449E687DD0}.Release|x64.Build.0 = Release|Any CPU
		{5C4F55FF-5415-410A-89FD-AF449E687DD0}.Release|x86.ActiveCfg = Release|Any CPU
		{5C4F55FF-5415-410A-89FD-AF449E687DD0}.Release|x86.Build.0 = Release|Any CPU
		{36B4A1CB-1821-4E0B-A299-54A6CF86B5B2}.Debug|Any CPU.ActiveCfg = Debug|Any CPU
		{36B4A1CB-1821-4E0B-A299-54A6CF86B5B2}.Debug|Any CPU.Build.0 = Debug|Any CPU
		{36B4A1CB-1821-4E0B-A299-54A6CF86B5B2}.Debug|ARM.ActiveCfg = Debug|Any CPU
		{36B4A1CB-1821-4E0B-A299-54A6CF86B5B2}.Debug|ARM.Build.0 = Debug|Any CPU
		{36B4A1CB-1821-4E0B-A299-54A6CF86B5B2}.Debug|ARM64.ActiveCfg = Debug|Any CPU
		{36B4A1CB-1821-4E0B-A299-54A6CF86B5B2}.Debug|ARM64.Build.0 = Debug|Any CPU
		{36B4A1CB-1821-4E0B-A299-54A6CF86B5B2}.Debug|x64.ActiveCfg = Debug|Any CPU
		{36B4A1CB-1821-4E0B-A299-54A6CF86B5B2}.Debug|x64.Build.0 = Debug|Any CPU
		{36B4A1CB-1821-4E0B-A299-54A6CF86B5B2}.Debug|x86.ActiveCfg = Debug|Any CPU
		{36B4A1CB-1821-4E0B-A299-54A6CF86B5B2}.Debug|x86.Build.0 = Debug|Any CPU
		{36B4A1CB-1821-4E0B-A299-54A6CF86B5B2}.Release|Any CPU.ActiveCfg = Release|Any CPU
		{36B4A1CB-1821-4E0B-A299-54A6CF86B5B2}.Release|Any CPU.Build.0 = Release|Any CPU
		{36B4A1CB-1821-4E0B-A299-54A6CF86B5B2}.Release|ARM.ActiveCfg = Release|Any CPU
		{36B4A1CB-1821-4E0B-A299-54A6CF86B5B2}.Release|ARM.Build.0 = Release|Any CPU
		{36B4A1CB-1821-4E0B-A299-54A6CF86B5B2}.Release|ARM64.ActiveCfg = Release|Any CPU
		{36B4A1CB-1821-4E0B-A299-54A6CF86B5B2}.Release|ARM64.Build.0 = Release|Any CPU
		{36B4A1CB-1821-4E0B-A299-54A6CF86B5B2}.Release|x64.ActiveCfg = Release|Any CPU
		{36B4A1CB-1821-4E0B-A299-54A6CF86B5B2}.Release|x64.Build.0 = Release|Any CPU
		{36B4A1CB-1821-4E0B-A299-54A6CF86B5B2}.Release|x86.ActiveCfg = Release|Any CPU
		{36B4A1CB-1821-4E0B-A299-54A6CF86B5B2}.Release|x86.Build.0 = Release|Any CPU
		{F6246058-BB03-4CAB-8787-6D6852861338}.Debug|Any CPU.ActiveCfg = Debug|Any CPU
		{F6246058-BB03-4CAB-8787-6D6852861338}.Debug|Any CPU.Build.0 = Debug|Any CPU
		{F6246058-BB03-4CAB-8787-6D6852861338}.Debug|ARM.ActiveCfg = Debug|Any CPU
		{F6246058-BB03-4CAB-8787-6D6852861338}.Debug|ARM.Build.0 = Debug|Any CPU
		{F6246058-BB03-4CAB-8787-6D6852861338}.Debug|ARM64.ActiveCfg = Debug|Any CPU
		{F6246058-BB03-4CAB-8787-6D6852861338}.Debug|ARM64.Build.0 = Debug|Any CPU
		{F6246058-BB03-4CAB-8787-6D6852861338}.Debug|x64.ActiveCfg = Debug|Any CPU
		{F6246058-BB03-4CAB-8787-6D6852861338}.Debug|x64.Build.0 = Debug|Any CPU
		{F6246058-BB03-4CAB-8787-6D6852861338}.Debug|x86.ActiveCfg = Debug|Any CPU
		{F6246058-BB03-4CAB-8787-6D6852861338}.Debug|x86.Build.0 = Debug|Any CPU
		{F6246058-BB03-4CAB-8787-6D6852861338}.Release|Any CPU.ActiveCfg = Release|Any CPU
		{F6246058-BB03-4CAB-8787-6D6852861338}.Release|Any CPU.Build.0 = Release|Any CPU
		{F6246058-BB03-4CAB-8787-6D6852861338}.Release|ARM.ActiveCfg = Release|Any CPU
		{F6246058-BB03-4CAB-8787-6D6852861338}.Release|ARM.Build.0 = Release|Any CPU
		{F6246058-BB03-4CAB-8787-6D6852861338}.Release|ARM64.ActiveCfg = Release|Any CPU
		{F6246058-BB03-4CAB-8787-6D6852861338}.Release|ARM64.Build.0 = Release|Any CPU
		{F6246058-BB03-4CAB-8787-6D6852861338}.Release|x64.ActiveCfg = Release|Any CPU
		{F6246058-BB03-4CAB-8787-6D6852861338}.Release|x64.Build.0 = Release|Any CPU
		{F6246058-BB03-4CAB-8787-6D6852861338}.Release|x86.ActiveCfg = Release|Any CPU
		{F6246058-BB03-4CAB-8787-6D6852861338}.Release|x86.Build.0 = Release|Any CPU
		{C0B44776-AF42-4023-9A0F-26827CA95236}.Debug|Any CPU.ActiveCfg = Debug|Any CPU
		{C0B44776-AF42-4023-9A0F-26827CA95236}.Debug|Any CPU.Build.0 = Debug|Any CPU
		{C0B44776-AF42-4023-9A0F-26827CA95236}.Debug|ARM.ActiveCfg = Debug|Any CPU
		{C0B44776-AF42-4023-9A0F-26827CA95236}.Debug|ARM.Build.0 = Debug|Any CPU
		{C0B44776-AF42-4023-9A0F-26827CA95236}.Debug|ARM64.ActiveCfg = Debug|Any CPU
		{C0B44776-AF42-4023-9A0F-26827CA95236}.Debug|ARM64.Build.0 = Debug|Any CPU
		{C0B44776-AF42-4023-9A0F-26827CA95236}.Debug|x64.ActiveCfg = Debug|Any CPU
		{C0B44776-AF42-4023-9A0F-26827CA95236}.Debug|x64.Build.0 = Debug|Any CPU
		{C0B44776-AF42-4023-9A0F-26827CA95236}.Debug|x86.ActiveCfg = Debug|Any CPU
		{C0B44776-AF42-4023-9A0F-26827CA95236}.Debug|x86.Build.0 = Debug|Any CPU
		{C0B44776-AF42-4023-9A0F-26827CA95236}.Release|Any CPU.ActiveCfg = Release|Any CPU
		{C0B44776-AF42-4023-9A0F-26827CA95236}.Release|Any CPU.Build.0 = Release|Any CPU
		{C0B44776-AF42-4023-9A0F-26827CA95236}.Release|ARM.ActiveCfg = Release|Any CPU
		{C0B44776-AF42-4023-9A0F-26827CA95236}.Release|ARM.Build.0 = Release|Any CPU
		{C0B44776-AF42-4023-9A0F-26827CA95236}.Release|ARM64.ActiveCfg = Release|Any CPU
		{C0B44776-AF42-4023-9A0F-26827CA95236}.Release|ARM64.Build.0 = Release|Any CPU
		{C0B44776-AF42-4023-9A0F-26827CA95236}.Release|x64.ActiveCfg = Release|Any CPU
		{C0B44776-AF42-4023-9A0F-26827CA95236}.Release|x64.Build.0 = Release|Any CPU
		{C0B44776-AF42-4023-9A0F-26827CA95236}.Release|x86.ActiveCfg = Release|Any CPU
		{C0B44776-AF42-4023-9A0F-26827CA95236}.Release|x86.Build.0 = Release|Any CPU
	EndGlobalSection
	GlobalSection(SolutionProperties) = preSolution
		HideSolutionNode = FALSE
	EndGlobalSection
	GlobalSection(ExtensibilityGlobals) = postSolution
		SolutionGuid = {AF59EFEF-4BE5-45D1-A96C-3528A234D09A}
	EndGlobalSection
EndGlobal
